{
  "version": 4,
  "terraform_version": "1.1.7",
  "serial": 129,
  "lineage": "f5e186b6-39e8-089b-73ba-b47afb6e24d5",
  "outputs": {},
  "resources": [
    {
      "mode": "managed",
      "type": "azurerm_linux_virtual_machine",
      "name": "myVM",
      "provider": "provider[\"registry.terraform.io/hashicorp/azurerm\"]",
      "instances": [
        {
          "index_key": 0,
          "schema_version": 0,
          "attributes": {
            "additional_capabilities": [],
            "admin_password": null,
            "admin_ssh_key": [
              {
                "public_key": "ssh-rsa AAAAB3NzaC1yc2EAAAADAQABAAABAQDYcbemm4xn4UwG7g/fbow/i9AWnjfTQzw1cfFznidqXI2B6IKWYqg6EW1+RofCrSwj+fXeD9dvYqWLwINdG/kyRBSXT5smilhyDlj1sPV/6lkkUU6yQmGwVwZLZp8q7CwV7MwOo+DwOB3tyNv69+9bRkGHrkzleJR6BkL8DZwYniNzDUJisNy5a2HzShkcHSAEtG5pbkXhrKfJc/WoUsJHe7XJFsFz3Ifg25xpTy8raeDaoZps2hYp8hViG76DVN50HnEdGLQPxJBE+N4WozJVTyhtQ9EqASuzJjRqQ5cawm5lvdkrsCCIg7qCRYJ1W6z6nnqVGNen+xK5c4wiqnE1 berni@PF16T2TE\n",
                "username": "adminUsername"
              }
            ],
            "admin_username": "adminUsername",
            "allow_extension_operations": true,
            "availability_set_id": "",
            "boot_diagnostics": [
              {
                "storage_account_uri": "https://berukwestaccountcp2.blob.core.windows.net/"
              }
            ],
            "computer_name": "master",
            "custom_data": null,
            "dedicated_host_id": "",
            "disable_password_authentication": true,
            "encryption_at_host_enabled": false,
            "eviction_policy": "",
            "extensions_time_budget": "PT1H30M",
            "id": "/subscriptions/77c88c55-f1f1-487b-91fd-8d3122bf6a57/resourceGroups/kubernetes_rg/providers/Microsoft.Compute/virtualMachines/master",
            "identity": [],
            "location": "westeurope",
            "max_bid_price": -1,
            "name": "master",
            "network_interface_ids": [
              "/subscriptions/77c88c55-f1f1-487b-91fd-8d3122bf6a57/resourceGroups/kubernetes_rg/providers/Microsoft.Network/networkInterfaces/vmnic-master"
            ],
            "os_disk": [
              {
                "caching": "ReadWrite",
                "diff_disk_settings": [],
                "disk_encryption_set_id": "",
                "disk_size_gb": 30,
                "name": "master_OsDisk_1_85bda4444ceb4a01964ff72d326d318c",
                "storage_account_type": "Standard_LRS",
                "write_accelerator_enabled": false
              }
            ],
            "plan": [
              {
                "name": "centos-8-stream-free",
                "product": "centos-8-stream-free",
                "publisher": "cognosys"
              }
            ],
            "priority": "Regular",
            "private_ip_address": "10.0.1.10",
            "private_ip_addresses": [
              "10.0.1.10"
            ],
            "provision_vm_agent": true,
            "proximity_placement_group_id": "",
            "public_ip_address": "",
            "public_ip_addresses": [],
            "resource_group_name": "kubernetes_rg",
            "secret": [],
            "size": "Standard_D1_v2",
            "source_image_id": "",
            "source_image_reference": [
              {
                "offer": "centos-8-stream-free",
                "publisher": "cognosys",
                "sku": "centos-8-stream-free",
                "version": "1.2019.0810"
              }
            ],
            "tags": {
              "environment": "CP2"
            },
            "timeouts": null,
            "virtual_machine_id": "5d0201fb-2099-4804-9f70-6e195723f055",
            "virtual_machine_scale_set_id": "",
            "zone": ""
          },
          "sensitive_attributes": [],
          "private": "eyJlMmJmYjczMC1lY2FhLTExZTYtOGY4OC0zNDM2M2JjN2M0YzAiOnsiY3JlYXRlIjoyNzAwMDAwMDAwMDAwLCJkZWxldGUiOjI3MDAwMDAwMDAwMDAsInJlYWQiOjMwMDAwMDAwMDAwMCwidXBkYXRlIjoyNzAwMDAwMDAwMDAwfX0=",
          "dependencies": [
            "azurerm_network_interface.myNic",
            "azurerm_public_ip.myPublicIp",
            "azurerm_resource_group.rg",
            "azurerm_storage_account.stAccount",
            "azurerm_subnet.mySubnet",
            "azurerm_virtual_network.myNet"
          ]
        },
        {
          "index_key": 1,
          "schema_version": 0,
          "attributes": {
            "additional_capabilities": [],
            "admin_password": null,
            "admin_ssh_key": [
              {
                "public_key": "ssh-rsa AAAAB3NzaC1yc2EAAAADAQABAAABAQDYcbemm4xn4UwG7g/fbow/i9AWnjfTQzw1cfFznidqXI2B6IKWYqg6EW1+RofCrSwj+fXeD9dvYqWLwINdG/kyRBSXT5smilhyDlj1sPV/6lkkUU6yQmGwVwZLZp8q7CwV7MwOo+DwOB3tyNv69+9bRkGHrkzleJR6BkL8DZwYniNzDUJisNy5a2HzShkcHSAEtG5pbkXhrKfJc/WoUsJHe7XJFsFz3Ifg25xpTy8raeDaoZps2hYp8hViG76DVN50HnEdGLQPxJBE+N4WozJVTyhtQ9EqASuzJjRqQ5cawm5lvdkrsCCIg7qCRYJ1W6z6nnqVGNen+xK5c4wiqnE1 berni@PF16T2TE\n",
                "username": "adminUsername"
              }
            ],
            "admin_username": "adminUsername",
            "allow_extension_operations": true,
            "availability_set_id": "",
            "boot_diagnostics": [
              {
                "storage_account_uri": "https://berukwestaccountcp2.blob.core.windows.net/"
              }
            ],
            "computer_name": "worker01",
            "custom_data": null,
            "dedicated_host_id": "",
            "disable_password_authentication": true,
            "encryption_at_host_enabled": false,
            "eviction_policy": "",
            "extensions_time_budget": "PT1H30M",
            "id": "/subscriptions/77c88c55-f1f1-487b-91fd-8d3122bf6a57/resourceGroups/kubernetes_rg/providers/Microsoft.Compute/virtualMachines/worker01",
            "identity": [],
            "location": "westeurope",
            "max_bid_price": -1,
            "name": "worker01",
            "network_interface_ids": [
              "/subscriptions/77c88c55-f1f1-487b-91fd-8d3122bf6a57/resourceGroups/kubernetes_rg/providers/Microsoft.Network/networkInterfaces/vmnic-worker01"
            ],
            "os_disk": [
              {
                "caching": "ReadWrite",
                "diff_disk_settings": [],
                "disk_encryption_set_id": "",
                "disk_size_gb": 30,
                "name": "worker01_OsDisk_1_bc4e191bb067493394099907d0f41050",
                "storage_account_type": "Standard_LRS",
                "write_accelerator_enabled": false
              }
            ],
            "plan": [
              {
                "name": "centos-8-stream-free",
                "product": "centos-8-stream-free",
                "publisher": "cognosys"
              }
            ],
            "priority": "Regular",
            "private_ip_address": "10.0.2.10",
            "private_ip_addresses": [
              "10.0.2.10"
            ],
            "provision_vm_agent": true,
            "proximity_placement_group_id": "",
            "public_ip_address": "",
            "public_ip_addresses": [],
            "resource_group_name": "kubernetes_rg",
            "secret": [],
            "size": "Standard_D1_v2",
            "source_image_id": "",
            "source_image_reference": [
              {
                "offer": "centos-8-stream-free",
                "publisher": "cognosys",
                "sku": "centos-8-stream-free",
                "version": "1.2019.0810"
              }
            ],
            "tags": {
              "environment": "CP2"
            },
            "timeouts": null,
            "virtual_machine_id": "1b3bddff-7e24-48fe-8ac1-e431adb0ed16",
            "virtual_machine_scale_set_id": "",
            "zone": ""
          },
          "sensitive_attributes": [],
          "private": "eyJlMmJmYjczMC1lY2FhLTExZTYtOGY4OC0zNDM2M2JjN2M0YzAiOnsiY3JlYXRlIjoyNzAwMDAwMDAwMDAwLCJkZWxldGUiOjI3MDAwMDAwMDAwMDAsInJlYWQiOjMwMDAwMDAwMDAwMCwidXBkYXRlIjoyNzAwMDAwMDAwMDAwfX0=",
          "dependencies": [
            "azurerm_network_interface.myNic",
            "azurerm_public_ip.myPublicIp",
            "azurerm_resource_group.rg",
            "azurerm_storage_account.stAccount",
            "azurerm_subnet.mySubnet",
            "azurerm_virtual_network.myNet"
          ]
        },
        {
          "index_key": 2,
          "schema_version": 0,
          "attributes": {
            "additional_capabilities": [],
            "admin_password": null,
            "admin_ssh_key": [
              {
                "public_key": "ssh-rsa AAAAB3NzaC1yc2EAAAADAQABAAABAQDYcbemm4xn4UwG7g/fbow/i9AWnjfTQzw1cfFznidqXI2B6IKWYqg6EW1+RofCrSwj+fXeD9dvYqWLwINdG/kyRBSXT5smilhyDlj1sPV/6lkkUU6yQmGwVwZLZp8q7CwV7MwOo+DwOB3tyNv69+9bRkGHrkzleJR6BkL8DZwYniNzDUJisNy5a2HzShkcHSAEtG5pbkXhrKfJc/WoUsJHe7XJFsFz3Ifg25xpTy8raeDaoZps2hYp8hViG76DVN50HnEdGLQPxJBE+N4WozJVTyhtQ9EqASuzJjRqQ5cawm5lvdkrsCCIg7qCRYJ1W6z6nnqVGNen+xK5c4wiqnE1 berni@PF16T2TE\n",
                "username": "adminUsername"
              }
            ],
            "admin_username": "adminUsername",
            "allow_extension_operations": true,
            "availability_set_id": "",
            "boot_diagnostics": [
              {
                "storage_account_uri": "https://berukwestaccountcp2.blob.core.windows.net/"
              }
            ],
            "computer_name": "worker02",
            "custom_data": null,
            "dedicated_host_id": "",
            "disable_password_authentication": true,
            "encryption_at_host_enabled": false,
            "eviction_policy": "",
            "extensions_time_budget": "PT1H30M",
            "id": "/subscriptions/77c88c55-f1f1-487b-91fd-8d3122bf6a57/resourceGroups/kubernetes_rg/providers/Microsoft.Compute/virtualMachines/worker02",
            "identity": [],
            "location": "westeurope",
            "max_bid_price": -1,
            "name": "worker02",
            "network_interface_ids": [
              "/subscriptions/77c88c55-f1f1-487b-91fd-8d3122bf6a57/resourceGroups/kubernetes_rg/providers/Microsoft.Network/networkInterfaces/vmnic-worker02"
            ],
            "os_disk": [
              {
                "caching": "ReadWrite",
                "diff_disk_settings": [],
                "disk_encryption_set_id": "",
                "disk_size_gb": 30,
                "name": "worker02_OsDisk_1_597a3935abe44848b1682ed8229703af",
                "storage_account_type": "Standard_LRS",
                "write_accelerator_enabled": false
              }
            ],
            "plan": [
              {
                "name": "centos-8-stream-free",
                "product": "centos-8-stream-free",
                "publisher": "cognosys"
              }
            ],
            "priority": "Regular",
            "private_ip_address": "10.0.3.10",
            "private_ip_addresses": [
              "10.0.3.10"
            ],
            "provision_vm_agent": true,
            "proximity_placement_group_id": "",
            "public_ip_address": "",
            "public_ip_addresses": [],
            "resource_group_name": "kubernetes_rg",
            "secret": [],
            "size": "Standard_D1_v2",
            "source_image_id": "",
            "source_image_reference": [
              {
                "offer": "centos-8-stream-free",
                "publisher": "cognosys",
                "sku": "centos-8-stream-free",
                "version": "1.2019.0810"
              }
            ],
            "tags": {
              "environment": "CP2"
            },
            "timeouts": null,
            "virtual_machine_id": "a5437b47-12af-4a11-9deb-6f6861952ebd",
            "virtual_machine_scale_set_id": "",
            "zone": ""
          },
          "sensitive_attributes": [],
          "private": "eyJlMmJmYjczMC1lY2FhLTExZTYtOGY4OC0zNDM2M2JjN2M0YzAiOnsiY3JlYXRlIjoyNzAwMDAwMDAwMDAwLCJkZWxldGUiOjI3MDAwMDAwMDAwMDAsInJlYWQiOjMwMDAwMDAwMDAwMCwidXBkYXRlIjoyNzAwMDAwMDAwMDAwfX0=",
          "dependencies": [
            "azurerm_network_interface.myNic",
            "azurerm_public_ip.myPublicIp",
            "azurerm_resource_group.rg",
            "azurerm_storage_account.stAccount",
            "azurerm_subnet.mySubnet",
            "azurerm_virtual_network.myNet"
          ]
        },
        {
          "index_key": 3,
          "schema_version": 0,
          "attributes": {
            "additional_capabilities": [],
            "admin_password": null,
            "admin_ssh_key": [
              {
                "public_key": "ssh-rsa AAAAB3NzaC1yc2EAAAADAQABAAABAQDYcbemm4xn4UwG7g/fbow/i9AWnjfTQzw1cfFznidqXI2B6IKWYqg6EW1+RofCrSwj+fXeD9dvYqWLwINdG/kyRBSXT5smilhyDlj1sPV/6lkkUU6yQmGwVwZLZp8q7CwV7MwOo+DwOB3tyNv69+9bRkGHrkzleJR6BkL8DZwYniNzDUJisNy5a2HzShkcHSAEtG5pbkXhrKfJc/WoUsJHe7XJFsFz3Ifg25xpTy8raeDaoZps2hYp8hViG76DVN50HnEdGLQPxJBE+N4WozJVTyhtQ9EqASuzJjRqQ5cawm5lvdkrsCCIg7qCRYJ1W6z6nnqVGNen+xK5c4wiqnE1 berni@PF16T2TE\n",
                "username": "adminUsername"
              }
            ],
            "admin_username": "adminUsername",
            "allow_extension_operations": true,
            "availability_set_id": "",
            "boot_diagnostics": [
              {
                "storage_account_uri": "https://berukwestaccountcp2.blob.core.windows.net/"
              }
            ],
            "computer_name": "nfs",
            "custom_data": null,
            "dedicated_host_id": "",
            "disable_password_authentication": true,
            "encryption_at_host_enabled": false,
            "eviction_policy": "",
            "extensions_time_budget": "PT1H30M",
            "id": "/subscriptions/77c88c55-f1f1-487b-91fd-8d3122bf6a57/resourceGroups/kubernetes_rg/providers/Microsoft.Compute/virtualMachines/nfs",
            "identity": [],
            "location": "westeurope",
            "max_bid_price": -1,
            "name": "nfs",
            "network_interface_ids": [
              "/subscriptions/77c88c55-f1f1-487b-91fd-8d3122bf6a57/resourceGroups/kubernetes_rg/providers/Microsoft.Network/networkInterfaces/vmnic-nfs"
            ],
            "os_disk": [
              {
                "caching": "ReadWrite",
                "diff_disk_settings": [],
                "disk_encryption_set_id": "",
                "disk_size_gb": 30,
                "name": "nfs_OsDisk_1_bc3ade9434a74a8bb15ad401f96813e5",
                "storage_account_type": "Standard_LRS",
                "write_accelerator_enabled": false
              }
            ],
            "plan": [
              {
                "name": "centos-8-stream-free",
                "product": "centos-8-stream-free",
                "publisher": "cognosys"
              }
            ],
            "priority": "Regular",
            "private_ip_address": "10.0.4.10",
            "private_ip_addresses": [
              "10.0.4.10"
            ],
            "provision_vm_agent": true,
            "proximity_placement_group_id": "",
            "public_ip_address": "",
            "public_ip_addresses": [],
            "resource_group_name": "kubernetes_rg",
            "secret": [],
            "size": "Standard_D1_v2",
            "source_image_id": "",
            "source_image_reference": [
              {
                "offer": "centos-8-stream-free",
                "publisher": "cognosys",
                "sku": "centos-8-stream-free",
                "version": "1.2019.0810"
              }
            ],
            "tags": {
              "environment": "CP2"
            },
            "timeouts": null,
            "virtual_machine_id": "aa8b0d2f-d925-4ae3-b28b-b8312828ea7b",
            "virtual_machine_scale_set_id": "",
            "zone": ""
          },
          "sensitive_attributes": [],
          "private": "eyJlMmJmYjczMC1lY2FhLTExZTYtOGY4OC0zNDM2M2JjN2M0YzAiOnsiY3JlYXRlIjoyNzAwMDAwMDAwMDAwLCJkZWxldGUiOjI3MDAwMDAwMDAwMDAsInJlYWQiOjMwMDAwMDAwMDAwMCwidXBkYXRlIjoyNzAwMDAwMDAwMDAwfX0=",
          "dependencies": [
            "azurerm_network_interface.myNic",
            "azurerm_public_ip.myPublicIp",
            "azurerm_resource_group.rg",
            "azurerm_storage_account.stAccount",
            "azurerm_subnet.mySubnet",
            "azurerm_virtual_network.myNet"
          ]
        }
      ]
    },
    {
      "mode": "managed",
      "type": "azurerm_network_interface",
      "name": "myNic",
      "provider": "provider[\"registry.terraform.io/hashicorp/azurerm\"]",
      "instances": [
        {
          "index_key": 0,
          "schema_version": 0,
          "attributes": {
            "applied_dns_servers": [],
            "dns_servers": [],
            "enable_accelerated_networking": false,
            "enable_ip_forwarding": false,
            "id": "/subscriptions/77c88c55-f1f1-487b-91fd-8d3122bf6a57/resourceGroups/kubernetes_rg/providers/Microsoft.Network/networkInterfaces/vmnic-master",
            "internal_dns_name_label": "",
            "internal_domain_name_suffix": "",
            "ip_configuration": [
              {
                "name": "myipconfiguration-master",
                "primary": true,
                "private_ip_address": "10.0.1.10",
                "private_ip_address_allocation": "Static",
                "private_ip_address_version": "IPv4",
                "public_ip_address_id": "/subscriptions/77c88c55-f1f1-487b-91fd-8d3122bf6a57/resourceGroups/kubernetes_rg/providers/Microsoft.Network/publicIPAddresses/vmip-master",
                "subnet_id": "/subscriptions/77c88c55-f1f1-487b-91fd-8d3122bf6a57/resourceGroups/kubernetes_rg/providers/Microsoft.Network/virtualNetworks/kubernetesnet-master/subnets/terraformsubnet-master"
              }
            ],
            "location": "westeurope",
            "mac_address": "00-0D-3A-AE-AB-05",
            "name": "vmnic-master",
            "private_ip_address": "10.0.1.10",
            "private_ip_addresses": [
              "10.0.1.10"
            ],
            "resource_group_name": "kubernetes_rg",
            "tags": {
              "environment": "CP2"
            },
            "timeouts": null,
            "virtual_machine_id": "/subscriptions/77c88c55-f1f1-487b-91fd-8d3122bf6a57/resourceGroups/kubernetes_rg/providers/Microsoft.Compute/virtualMachines/master"
          },
          "sensitive_attributes": [],
          "private": "eyJlMmJmYjczMC1lY2FhLTExZTYtOGY4OC0zNDM2M2JjN2M0YzAiOnsiY3JlYXRlIjoxODAwMDAwMDAwMDAwLCJkZWxldGUiOjE4MDAwMDAwMDAwMDAsInJlYWQiOjMwMDAwMDAwMDAwMCwidXBkYXRlIjoxODAwMDAwMDAwMDAwfX0=",
          "dependencies": [
            "azurerm_public_ip.myPublicIp",
            "azurerm_resource_group.rg",
            "azurerm_subnet.mySubnet",
            "azurerm_virtual_network.myNet"
          ]
        },
        {
          "index_key": 1,
          "schema_version": 0,
          "attributes": {
            "applied_dns_servers": [],
            "dns_servers": [],
            "enable_accelerated_networking": false,
            "enable_ip_forwarding": false,
            "id": "/subscriptions/77c88c55-f1f1-487b-91fd-8d3122bf6a57/resourceGroups/kubernetes_rg/providers/Microsoft.Network/networkInterfaces/vmnic-worker01",
            "internal_dns_name_label": "",
            "internal_domain_name_suffix": "",
            "ip_configuration": [
              {
                "name": "myipconfiguration-worker01",
                "primary": true,
                "private_ip_address": "10.0.2.10",
                "private_ip_address_allocation": "Static",
                "private_ip_address_version": "IPv4",
                "public_ip_address_id": "/subscriptions/77c88c55-f1f1-487b-91fd-8d3122bf6a57/resourceGroups/kubernetes_rg/providers/Microsoft.Network/publicIPAddresses/vmip-worker01",
                "subnet_id": "/subscriptions/77c88c55-f1f1-487b-91fd-8d3122bf6a57/resourceGroups/kubernetes_rg/providers/Microsoft.Network/virtualNetworks/kubernetesnet-worker01/subnets/terraformsubnet-worker01"
              }
            ],
            "location": "westeurope",
            "mac_address": "00-0D-3A-AE-AA-4E",
            "name": "vmnic-worker01",
            "private_ip_address": "10.0.2.10",
            "private_ip_addresses": [
              "10.0.2.10"
            ],
            "resource_group_name": "kubernetes_rg",
            "tags": {
              "environment": "CP2"
            },
            "timeouts": null,
            "virtual_machine_id": "/subscriptions/77c88c55-f1f1-487b-91fd-8d3122bf6a57/resourceGroups/kubernetes_rg/providers/Microsoft.Compute/virtualMachines/worker01"
          },
          "sensitive_attributes": [],
          "private": "eyJlMmJmYjczMC1lY2FhLTExZTYtOGY4OC0zNDM2M2JjN2M0YzAiOnsiY3JlYXRlIjoxODAwMDAwMDAwMDAwLCJkZWxldGUiOjE4MDAwMDAwMDAwMDAsInJlYWQiOjMwMDAwMDAwMDAwMCwidXBkYXRlIjoxODAwMDAwMDAwMDAwfX0=",
          "dependencies": [
            "azurerm_public_ip.myPublicIp",
            "azurerm_resource_group.rg",
            "azurerm_subnet.mySubnet",
            "azurerm_virtual_network.myNet"
          ]
        },
        {
          "index_key": 2,
          "schema_version": 0,
          "attributes": {
            "applied_dns_servers": [],
            "dns_servers": [],
            "enable_accelerated_networking": false,
            "enable_ip_forwarding": false,
            "id": "/subscriptions/77c88c55-f1f1-487b-91fd-8d3122bf6a57/resourceGroups/kubernetes_rg/providers/Microsoft.Network/networkInterfaces/vmnic-worker02",
            "internal_dns_name_label": "",
            "internal_domain_name_suffix": "",
            "ip_configuration": [
              {
                "name": "myipconfiguration-worker02",
                "primary": true,
                "private_ip_address": "10.0.3.10",
                "private_ip_address_allocation": "Static",
                "private_ip_address_version": "IPv4",
                "public_ip_address_id": "/subscriptions/77c88c55-f1f1-487b-91fd-8d3122bf6a57/resourceGroups/kubernetes_rg/providers/Microsoft.Network/publicIPAddresses/vmip-worker02",
                "subnet_id": "/subscriptions/77c88c55-f1f1-487b-91fd-8d3122bf6a57/resourceGroups/kubernetes_rg/providers/Microsoft.Network/virtualNetworks/kubernetesnet-worker02/subnets/terraformsubnet-worker02"
              }
            ],
            "location": "westeurope",
            "mac_address": "00-0D-3A-AE-A5-D9",
            "name": "vmnic-worker02",
            "private_ip_address": "10.0.3.10",
            "private_ip_addresses": [
              "10.0.3.10"
            ],
            "resource_group_name": "kubernetes_rg",
            "tags": {
              "environment": "CP2"
            },
            "timeouts": null,
            "virtual_machine_id": "/subscriptions/77c88c55-f1f1-487b-91fd-8d3122bf6a57/resourceGroups/kubernetes_rg/providers/Microsoft.Compute/virtualMachines/worker02"
          },
          "sensitive_attributes": [],
          "private": "eyJlMmJmYjczMC1lY2FhLTExZTYtOGY4OC0zNDM2M2JjN2M0YzAiOnsiY3JlYXRlIjoxODAwMDAwMDAwMDAwLCJkZWxldGUiOjE4MDAwMDAwMDAwMDAsInJlYWQiOjMwMDAwMDAwMDAwMCwidXBkYXRlIjoxODAwMDAwMDAwMDAwfX0=",
          "dependencies": [
            "azurerm_public_ip.myPublicIp",
            "azurerm_resource_group.rg",
            "azurerm_subnet.mySubnet",
            "azurerm_virtual_network.myNet"
          ]
        },
        {
          "index_key": 3,
          "schema_version": 0,
          "attributes": {
            "applied_dns_servers": [],
            "dns_servers": [],
            "enable_accelerated_networking": false,
            "enable_ip_forwarding": false,
            "id": "/subscriptions/77c88c55-f1f1-487b-91fd-8d3122bf6a57/resourceGroups/kubernetes_rg/providers/Microsoft.Network/networkInterfaces/vmnic-nfs",
            "internal_dns_name_label": "",
            "internal_domain_name_suffix": "",
            "ip_configuration": [
              {
                "name": "myipconfiguration-nfs",
                "primary": true,
                "private_ip_address": "10.0.4.10",
                "private_ip_address_allocation": "Static",
                "private_ip_address_version": "IPv4",
                "public_ip_address_id": "/subscriptions/77c88c55-f1f1-487b-91fd-8d3122bf6a57/resourceGroups/kubernetes_rg/providers/Microsoft.Network/publicIPAddresses/vmip-nfs",
                "subnet_id": "/subscriptions/77c88c55-f1f1-487b-91fd-8d3122bf6a57/resourceGroups/kubernetes_rg/providers/Microsoft.Network/virtualNetworks/kubernetesnet-nfs/subnets/terraformsubnet-nfs"
              }
            ],
            "location": "westeurope",
            "mac_address": "00-0D-3A-AE-A1-C8",
            "name": "vmnic-nfs",
            "private_ip_address": "10.0.4.10",
            "private_ip_addresses": [
              "10.0.4.10"
            ],
            "resource_group_name": "kubernetes_rg",
            "tags": {
              "environment": "CP2"
            },
            "timeouts": null,
            "virtual_machine_id": "/subscriptions/77c88c55-f1f1-487b-91fd-8d3122bf6a57/resourceGroups/kubernetes_rg/providers/Microsoft.Compute/virtualMachines/nfs"
          },
          "sensitive_attributes": [],
          "private": "eyJlMmJmYjczMC1lY2FhLTExZTYtOGY4OC0zNDM2M2JjN2M0YzAiOnsiY3JlYXRlIjoxODAwMDAwMDAwMDAwLCJkZWxldGUiOjE4MDAwMDAwMDAwMDAsInJlYWQiOjMwMDAwMDAwMDAwMCwidXBkYXRlIjoxODAwMDAwMDAwMDAwfX0=",
          "dependencies": [
            "azurerm_public_ip.myPublicIp",
            "azurerm_resource_group.rg",
            "azurerm_subnet.mySubnet",
            "azurerm_virtual_network.myNet"
          ]
        }
      ]
    },
    {
      "mode": "managed",
      "type": "azurerm_network_interface_security_group_association",
      "name": "mySecGroupAssociation",
      "provider": "provider[\"registry.terraform.io/hashicorp/azurerm\"]",
      "instances": [
        {
          "index_key": 0,
          "schema_version": 0,
          "attributes": {
            "id": "/subscriptions/77c88c55-f1f1-487b-91fd-8d3122bf6a57/resourceGroups/kubernetes_rg/providers/Microsoft.Network/networkInterfaces/vmnic-master|/subscriptions/77c88c55-f1f1-487b-91fd-8d3122bf6a57/resourceGroups/kubernetes_rg/providers/Microsoft.Network/networkSecurityGroups/sshtraffic",
            "network_interface_id": "/subscriptions/77c88c55-f1f1-487b-91fd-8d3122bf6a57/resourceGroups/kubernetes_rg/providers/Microsoft.Network/networkInterfaces/vmnic-master",
            "network_security_group_id": "/subscriptions/77c88c55-f1f1-487b-91fd-8d3122bf6a57/resourceGroups/kubernetes_rg/providers/Microsoft.Network/networkSecurityGroups/sshtraffic",
            "timeouts": null
          },
          "sensitive_attributes": [],
          "private": "eyJlMmJmYjczMC1lY2FhLTExZTYtOGY4OC0zNDM2M2JjN2M0YzAiOnsiY3JlYXRlIjoxODAwMDAwMDAwMDAwLCJkZWxldGUiOjE4MDAwMDAwMDAwMDAsInJlYWQiOjMwMDAwMDAwMDAwMCwidXBkYXRlIjoxODAwMDAwMDAwMDAwfX0=",
          "dependencies": [
            "azurerm_network_interface.myNic",
            "azurerm_network_security_group.mySecGroup",
            "azurerm_public_ip.myPublicIp",
            "azurerm_resource_group.rg",
            "azurerm_subnet.mySubnet",
            "azurerm_virtual_network.myNet"
          ]
        },
        {
          "index_key": 1,
          "schema_version": 0,
          "attributes": {
            "id": "/subscriptions/77c88c55-f1f1-487b-91fd-8d3122bf6a57/resourceGroups/kubernetes_rg/providers/Microsoft.Network/networkInterfaces/vmnic-worker01|/subscriptions/77c88c55-f1f1-487b-91fd-8d3122bf6a57/resourceGroups/kubernetes_rg/providers/Microsoft.Network/networkSecurityGroups/sshtraffic",
            "network_interface_id": "/subscriptions/77c88c55-f1f1-487b-91fd-8d3122bf6a57/resourceGroups/kubernetes_rg/providers/Microsoft.Network/networkInterfaces/vmnic-worker01",
            "network_security_group_id": "/subscriptions/77c88c55-f1f1-487b-91fd-8d3122bf6a57/resourceGroups/kubernetes_rg/providers/Microsoft.Network/networkSecurityGroups/sshtraffic",
            "timeouts": null
          },
          "sensitive_attributes": [],
          "private": "eyJlMmJmYjczMC1lY2FhLTExZTYtOGY4OC0zNDM2M2JjN2M0YzAiOnsiY3JlYXRlIjoxODAwMDAwMDAwMDAwLCJkZWxldGUiOjE4MDAwMDAwMDAwMDAsInJlYWQiOjMwMDAwMDAwMDAwMCwidXBkYXRlIjoxODAwMDAwMDAwMDAwfX0=",
          "dependencies": [
            "azurerm_network_interface.myNic",
            "azurerm_network_security_group.mySecGroup",
            "azurerm_public_ip.myPublicIp",
            "azurerm_resource_group.rg",
            "azurerm_subnet.mySubnet",
            "azurerm_virtual_network.myNet"
          ]
        },
        {
          "index_key": 2,
          "schema_version": 0,
          "attributes": {
            "id": "/subscriptions/77c88c55-f1f1-487b-91fd-8d3122bf6a57/resourceGroups/kubernetes_rg/providers/Microsoft.Network/networkInterfaces/vmnic-worker02|/subscriptions/77c88c55-f1f1-487b-91fd-8d3122bf6a57/resourceGroups/kubernetes_rg/providers/Microsoft.Network/networkSecurityGroups/sshtraffic",
            "network_interface_id": "/subscriptions/77c88c55-f1f1-487b-91fd-8d3122bf6a57/resourceGroups/kubernetes_rg/providers/Microsoft.Network/networkInterfaces/vmnic-worker02",
            "network_security_group_id": "/subscriptions/77c88c55-f1f1-487b-91fd-8d3122bf6a57/resourceGroups/kubernetes_rg/providers/Microsoft.Network/networkSecurityGroups/sshtraffic",
            "timeouts": null
          },
          "sensitive_attributes": [],
          "private": "eyJlMmJmYjczMC1lY2FhLTExZTYtOGY4OC0zNDM2M2JjN2M0YzAiOnsiY3JlYXRlIjoxODAwMDAwMDAwMDAwLCJkZWxldGUiOjE4MDAwMDAwMDAwMDAsInJlYWQiOjMwMDAwMDAwMDAwMCwidXBkYXRlIjoxODAwMDAwMDAwMDAwfX0=",
          "dependencies": [
            "azurerm_network_interface.myNic",
            "azurerm_network_security_group.mySecGroup",
            "azurerm_public_ip.myPublicIp",
            "azurerm_resource_group.rg",
            "azurerm_subnet.mySubnet",
            "azurerm_virtual_network.myNet"
          ]
        },
        {
          "index_key": 3,
          "schema_version": 0,
          "attributes": {
            "id": "/subscriptions/77c88c55-f1f1-487b-91fd-8d3122bf6a57/resourceGroups/kubernetes_rg/providers/Microsoft.Network/networkInterfaces/vmnic-nfs|/subscriptions/77c88c55-f1f1-487b-91fd-8d3122bf6a57/resourceGroups/kubernetes_rg/providers/Microsoft.Network/networkSecurityGroups/sshtraffic",
            "network_interface_id": "/subscriptions/77c88c55-f1f1-487b-91fd-8d3122bf6a57/resourceGroups/kubernetes_rg/providers/Microsoft.Network/networkInterfaces/vmnic-nfs",
            "network_security_group_id": "/subscriptions/77c88c55-f1f1-487b-91fd-8d3122bf6a57/resourceGroups/kubernetes_rg/providers/Microsoft.Network/networkSecurityGroups/sshtraffic",
            "timeouts": null
          },
          "sensitive_attributes": [],
          "private": "eyJlMmJmYjczMC1lY2FhLTExZTYtOGY4OC0zNDM2M2JjN2M0YzAiOnsiY3JlYXRlIjoxODAwMDAwMDAwMDAwLCJkZWxldGUiOjE4MDAwMDAwMDAwMDAsInJlYWQiOjMwMDAwMDAwMDAwMCwidXBkYXRlIjoxODAwMDAwMDAwMDAwfX0=",
          "dependencies": [
            "azurerm_network_interface.myNic",
            "azurerm_network_security_group.mySecGroup",
            "azurerm_public_ip.myPublicIp",
            "azurerm_resource_group.rg",
            "azurerm_subnet.mySubnet",
            "azurerm_virtual_network.myNet"
          ]
        }
      ]
    },
    {
      "mode": "managed",
      "type": "azurerm_network_security_group",
      "name": "mySecGroup",
      "provider": "provider[\"registry.terraform.io/hashicorp/azurerm\"]",
      "instances": [
        {
          "schema_version": 0,
          "attributes": {
            "id": "/subscriptions/77c88c55-f1f1-487b-91fd-8d3122bf6a57/resourceGroups/kubernetes_rg/providers/Microsoft.Network/networkSecurityGroups/sshtraffic",
            "location": "westeurope",
            "name": "sshtraffic",
            "resource_group_name": "kubernetes_rg",
            "security_rule": [
              {
                "access": "Allow",
                "description": "",
                "destination_address_prefix": "*",
                "destination_address_prefixes": [],
                "destination_application_security_group_ids": [],
                "destination_port_range": "22",
                "destination_port_ranges": [],
                "direction": "Inbound",
                "name": "SSH",
                "priority": 1001,
                "protocol": "Tcp",
                "source_address_prefix": "*",
                "source_address_prefixes": [],
                "source_application_security_group_ids": [],
                "source_port_range": "*",
                "source_port_ranges": []
              }
            ],
            "tags": {
              "environment": "CP2"
            },
            "timeouts": null
          },
          "sensitive_attributes": [],
          "private": "eyJlMmJmYjczMC1lY2FhLTExZTYtOGY4OC0zNDM2M2JjN2M0YzAiOnsiY3JlYXRlIjoxODAwMDAwMDAwMDAwLCJkZWxldGUiOjE4MDAwMDAwMDAwMDAsInJlYWQiOjMwMDAwMDAwMDAwMCwidXBkYXRlIjoxODAwMDAwMDAwMDAwfX0=",
          "dependencies": [
            "azurerm_resource_group.rg"
          ]
        }
      ]
    },
    {
      "mode": "managed",
      "type": "azurerm_public_ip",
      "name": "myPublicIp",
      "provider": "provider[\"registry.terraform.io/hashicorp/azurerm\"]",
      "instances": [
        {
          "index_key": 0,
          "schema_version": 0,
          "attributes": {
            "allocation_method": "Dynamic",
            "domain_name_label": null,
            "fqdn": null,
            "id": "/subscriptions/77c88c55-f1f1-487b-91fd-8d3122bf6a57/resourceGroups/kubernetes_rg/providers/Microsoft.Network/publicIPAddresses/vmip-master",
            "idle_timeout_in_minutes": 4,
            "ip_address": "",
            "ip_version": "IPv4",
            "location": "westeurope",
            "name": "vmip-master",
            "public_ip_prefix_id": null,
            "resource_group_name": "kubernetes_rg",
            "reverse_fqdn": null,
            "sku": "Basic",
            "tags": {
              "environment": "CP2"
            },
            "timeouts": null,
            "zones": []
          },
          "sensitive_attributes": [],
          "private": "eyJlMmJmYjczMC1lY2FhLTExZTYtOGY4OC0zNDM2M2JjN2M0YzAiOnsiY3JlYXRlIjoxODAwMDAwMDAwMDAwLCJkZWxldGUiOjE4MDAwMDAwMDAwMDAsInJlYWQiOjMwMDAwMDAwMDAwMCwidXBkYXRlIjoxODAwMDAwMDAwMDAwfX0=",
          "dependencies": [
            "azurerm_resource_group.rg"
          ]
        },
        {
          "index_key": 1,
          "schema_version": 0,
          "attributes": {
            "allocation_method": "Dynamic",
            "domain_name_label": null,
            "fqdn": null,
            "id": "/subscriptions/77c88c55-f1f1-487b-91fd-8d3122bf6a57/resourceGroups/kubernetes_rg/providers/Microsoft.Network/publicIPAddresses/vmip-worker01",
            "idle_timeout_in_minutes": 4,
            "ip_address": "",
            "ip_version": "IPv4",
            "location": "westeurope",
            "name": "vmip-worker01",
            "public_ip_prefix_id": null,
            "resource_group_name": "kubernetes_rg",
            "reverse_fqdn": null,
            "sku": "Basic",
            "tags": {
              "environment": "CP2"
            },
            "timeouts": null,
            "zones": []
          },
          "sensitive_attributes": [],
          "private": "eyJlMmJmYjczMC1lY2FhLTExZTYtOGY4OC0zNDM2M2JjN2M0YzAiOnsiY3JlYXRlIjoxODAwMDAwMDAwMDAwLCJkZWxldGUiOjE4MDAwMDAwMDAwMDAsInJlYWQiOjMwMDAwMDAwMDAwMCwidXBkYXRlIjoxODAwMDAwMDAwMDAwfX0=",
          "dependencies": [
            "azurerm_resource_group.rg"
          ]
        },
        {
          "index_key": 2,
          "schema_version": 0,
          "attributes": {
            "allocation_method": "Dynamic",
            "domain_name_label": null,
            "fqdn": null,
            "id": "/subscriptions/77c88c55-f1f1-487b-91fd-8d3122bf6a57/resourceGroups/kubernetes_rg/providers/Microsoft.Network/publicIPAddresses/vmip-worker02",
            "idle_timeout_in_minutes": 4,
            "ip_address": "",
            "ip_version": "IPv4",
            "location": "westeurope",
            "name": "vmip-worker02",
            "public_ip_prefix_id": null,
            "resource_group_name": "kubernetes_rg",
            "reverse_fqdn": null,
            "sku": "Basic",
            "tags": {
              "environment": "CP2"
            },
            "timeouts": null,
            "zones": []
          },
          "sensitive_attributes": [],
          "private": "eyJlMmJmYjczMC1lY2FhLTExZTYtOGY4OC0zNDM2M2JjN2M0YzAiOnsiY3JlYXRlIjoxODAwMDAwMDAwMDAwLCJkZWxldGUiOjE4MDAwMDAwMDAwMDAsInJlYWQiOjMwMDAwMDAwMDAwMCwidXBkYXRlIjoxODAwMDAwMDAwMDAwfX0=",
          "dependencies": [
            "azurerm_resource_group.rg"
          ]
        },
        {
          "index_key": 3,
          "schema_version": 0,
          "attributes": {
            "allocation_method": "Dynamic",
            "domain_name_label": null,
            "fqdn": null,
            "id": "/subscriptions/77c88c55-f1f1-487b-91fd-8d3122bf6a57/resourceGroups/kubernetes_rg/providers/Microsoft.Network/publicIPAddresses/vmip-nfs",
            "idle_timeout_in_minutes": 4,
            "ip_address": "",
            "ip_version": "IPv4",
            "location": "westeurope",
            "name": "vmip-nfs",
            "public_ip_prefix_id": null,
            "resource_group_name": "kubernetes_rg",
            "reverse_fqdn": null,
            "sku": "Basic",
            "tags": {
              "environment": "CP2"
            },
            "timeouts": null,
            "zones": []
          },
          "sensitive_attributes": [],
          "private": "eyJlMmJmYjczMC1lY2FhLTExZTYtOGY4OC0zNDM2M2JjN2M0YzAiOnsiY3JlYXRlIjoxODAwMDAwMDAwMDAwLCJkZWxldGUiOjE4MDAwMDAwMDAwMDAsInJlYWQiOjMwMDAwMDAwMDAwMCwidXBkYXRlIjoxODAwMDAwMDAwMDAwfX0=",
          "dependencies": [
            "azurerm_resource_group.rg"
          ]
        }
      ]
    },
    {
      "mode": "managed",
      "type": "azurerm_resource_group",
      "name": "rg",
      "provider": "provider[\"registry.terraform.io/hashicorp/azurerm\"]",
      "instances": [
        {
          "schema_version": 0,
          "attributes": {
            "id": "/subscriptions/77c88c55-f1f1-487b-91fd-8d3122bf6a57/resourceGroups/kubernetes_rg",
            "location": "westeurope",
            "name": "kubernetes_rg",
            "tags": {
              "environment": "CP2"
            },
            "timeouts": null
          },
          "sensitive_attributes": [],
          "private": "eyJlMmJmYjczMC1lY2FhLTExZTYtOGY4OC0zNDM2M2JjN2M0YzAiOnsiY3JlYXRlIjo1NDAwMDAwMDAwMDAwLCJkZWxldGUiOjU0MDAwMDAwMDAwMDAsInJlYWQiOjMwMDAwMDAwMDAwMCwidXBkYXRlIjo1NDAwMDAwMDAwMDAwfX0="
        }
      ]
    },
    {
      "mode": "managed",
      "type": "azurerm_storage_account",
      "name": "stAccount",
      "provider": "provider[\"registry.terraform.io/hashicorp/azurerm\"]",
      "instances": [
        {
          "schema_version": 2,
          "attributes": {
            "access_tier": "Hot",
            "account_kind": "StorageV2",
            "account_replication_type": "LRS",
            "account_tier": "Standard",
            "allow_blob_public_access": false,
            "blob_properties": [],
            "custom_domain": [],
            "enable_https_traffic_only": true,
            "id": "/subscriptions/77c88c55-f1f1-487b-91fd-8d3122bf6a57/resourceGroups/kubernetes_rg/providers/Microsoft.Storage/storageAccounts/berukwestaccountcp2",
            "identity": [],
            "is_hns_enabled": false,
            "large_file_share_enabled": null,
            "location": "westeurope",
            "min_tls_version": "TLS1_0",
            "name": "berukwestaccountcp2",
            "network_rules": [
              {
                "bypass": [
                  "AzureServices"
                ],
                "default_action": "Allow",
                "ip_rules": [],
                "virtual_network_subnet_ids": []
              }
            ],
            "primary_access_key": "VYk989QMjT2/HIzS/JattjclK4ARcwsEMvuwX3/K4lLKqtGsqlHP1pgBpqZkk9UtkLArUNE/AbSaSYlSaVZO2w==",
            "primary_blob_connection_string": "DefaultEndpointsProtocol=https;BlobEndpoint=https://berukwestaccountcp2.blob.core.windows.net/;AccountName=berukwestaccountcp2;AccountKey=VYk989QMjT2/HIzS/JattjclK4ARcwsEMvuwX3/K4lLKqtGsqlHP1pgBpqZkk9UtkLArUNE/AbSaSYlSaVZO2w==",
            "primary_blob_endpoint": "https://berukwestaccountcp2.blob.core.windows.net/",
            "primary_blob_host": "berukwestaccountcp2.blob.core.windows.net",
            "primary_connection_string": "DefaultEndpointsProtocol=https;AccountName=berukwestaccountcp2;AccountKey=VYk989QMjT2/HIzS/JattjclK4ARcwsEMvuwX3/K4lLKqtGsqlHP1pgBpqZkk9UtkLArUNE/AbSaSYlSaVZO2w==;EndpointSuffix=core.windows.net",
            "primary_dfs_endpoint": "https://berukwestaccountcp2.dfs.core.windows.net/",
            "primary_dfs_host": "berukwestaccountcp2.dfs.core.windows.net",
            "primary_file_endpoint": "https://berukwestaccountcp2.file.core.windows.net/",
            "primary_file_host": "berukwestaccountcp2.file.core.windows.net",
            "primary_location": "westeurope",
            "primary_queue_endpoint": "https://berukwestaccountcp2.queue.core.windows.net/",
            "primary_queue_host": "berukwestaccountcp2.queue.core.windows.net",
            "primary_table_endpoint": "https://berukwestaccountcp2.table.core.windows.net/",
            "primary_table_host": "berukwestaccountcp2.table.core.windows.net",
            "primary_web_endpoint": "https://berukwestaccountcp2.z6.web.core.windows.net/",
            "primary_web_host": "berukwestaccountcp2.z6.web.core.windows.net",
            "queue_properties": [
              {
                "cors_rule": [],
                "hour_metrics": [
                  {
                    "enabled": true,
                    "include_apis": true,
                    "retention_policy_days": 7,
                    "version": "1.0"
                  }
                ],
                "logging": [
                  {
                    "delete": false,
                    "read": false,
                    "retention_policy_days": 0,
                    "version": "1.0",
                    "write": false
                  }
                ],
                "minute_metrics": [
                  {
                    "enabled": false,
                    "include_apis": false,
                    "retention_policy_days": 0,
                    "version": "1.0"
                  }
                ]
              }
            ],
            "resource_group_name": "kubernetes_rg",
            "secondary_access_key": "zBBlA+v7ibPX0JDs1TxXfbS98Bo7H1nUcUxwlZdJBp4QJV9u7QuyMip+u/Mrd5fNa1iK9p/GdERqzIfCLYcfLQ==",
            "secondary_blob_connection_string": "",
            "secondary_blob_endpoint": null,
            "secondary_blob_host": null,
            "secondary_connection_string": "DefaultEndpointsProtocol=https;AccountName=berukwestaccountcp2;AccountKey=zBBlA+v7ibPX0JDs1TxXfbS98Bo7H1nUcUxwlZdJBp4QJV9u7QuyMip+u/Mrd5fNa1iK9p/GdERqzIfCLYcfLQ==;EndpointSuffix=core.windows.net",
            "secondary_dfs_endpoint": null,
            "secondary_dfs_host": null,
            "secondary_file_endpoint": null,
            "secondary_file_host": null,
            "secondary_location": "",
            "secondary_queue_endpoint": null,
            "secondary_queue_host": null,
            "secondary_table_endpoint": null,
            "secondary_table_host": null,
            "secondary_web_endpoint": null,
            "secondary_web_host": null,
            "static_website": [],
            "tags": {
              "environment": "CP2"
            },
            "timeouts": null
          },
          "sensitive_attributes": [],
          "private": "eyJlMmJmYjczMC1lY2FhLTExZTYtOGY4OC0zNDM2M2JjN2M0YzAiOnsiY3JlYXRlIjozNjAwMDAwMDAwMDAwLCJkZWxldGUiOjM2MDAwMDAwMDAwMDAsInJlYWQiOjMwMDAwMDAwMDAwMCwidXBkYXRlIjozNjAwMDAwMDAwMDAwfSwic2NoZW1hX3ZlcnNpb24iOiIyIn0=",
          "dependencies": [
            "azurerm_resource_group.rg"
          ]
        }
      ]
    },
    {
      "mode": "managed",
      "type": "azurerm_subnet",
      "name": "mySubnet",
      "provider": "provider[\"registry.terraform.io/hashicorp/azurerm\"]",
      "instances": [
        {
          "index_key": 0,
          "schema_version": 0,
          "attributes": {
            "address_prefix": "10.0.1.0/24",
            "address_prefixes": [
              "10.0.1.0/24"
            ],
            "delegation": [],
            "enforce_private_link_endpoint_network_policies": false,
            "enforce_private_link_service_network_policies": false,
            "id": "/subscriptions/77c88c55-f1f1-487b-91fd-8d3122bf6a57/resourceGroups/kubernetes_rg/providers/Microsoft.Network/virtualNetworks/kubernetesnet-master/subnets/terraformsubnet-master",
            "name": "terraformsubnet-master",
            "resource_group_name": "kubernetes_rg",
            "service_endpoint_policy_ids": [],
            "service_endpoints": [],
            "timeouts": null,
            "virtual_network_name": "kubernetesnet-master"
          },
          "sensitive_attributes": [],
          "private": "eyJlMmJmYjczMC1lY2FhLTExZTYtOGY4OC0zNDM2M2JjN2M0YzAiOnsiY3JlYXRlIjoxODAwMDAwMDAwMDAwLCJkZWxldGUiOjE4MDAwMDAwMDAwMDAsInJlYWQiOjMwMDAwMDAwMDAwMCwidXBkYXRlIjoxODAwMDAwMDAwMDAwfX0=",
          "dependencies": [
            "azurerm_resource_group.rg",
            "azurerm_virtual_network.myNet"
          ]
        },
        {
          "index_key": 1,
          "schema_version": 0,
          "attributes": {
            "address_prefix": "10.0.2.0/24",
            "address_prefixes": [
              "10.0.2.0/24"
            ],
            "delegation": [],
            "enforce_private_link_endpoint_network_policies": false,
            "enforce_private_link_service_network_policies": false,
            "id": "/subscriptions/77c88c55-f1f1-487b-91fd-8d3122bf6a57/resourceGroups/kubernetes_rg/providers/Microsoft.Network/virtualNetworks/kubernetesnet-worker01/subnets/terraformsubnet-worker01",
            "name": "terraformsubnet-worker01",
            "resource_group_name": "kubernetes_rg",
            "service_endpoint_policy_ids": [],
            "service_endpoints": [],
            "timeouts": null,
            "virtual_network_name": "kubernetesnet-worker01"
          },
          "sensitive_attributes": [],
          "private": "eyJlMmJmYjczMC1lY2FhLTExZTYtOGY4OC0zNDM2M2JjN2M0YzAiOnsiY3JlYXRlIjoxODAwMDAwMDAwMDAwLCJkZWxldGUiOjE4MDAwMDAwMDAwMDAsInJlYWQiOjMwMDAwMDAwMDAwMCwidXBkYXRlIjoxODAwMDAwMDAwMDAwfX0=",
          "dependencies": [
            "azurerm_resource_group.rg",
            "azurerm_virtual_network.myNet"
          ]
        },
        {
          "index_key": 2,
          "schema_version": 0,
          "attributes": {
            "address_prefix": "10.0.3.0/24",
            "address_prefixes": [
              "10.0.3.0/24"
            ],
            "delegation": [],
            "enforce_private_link_endpoint_network_policies": false,
            "enforce_private_link_service_network_policies": false,
            "id": "/subscriptions/77c88c55-f1f1-487b-91fd-8d3122bf6a57/resourceGroups/kubernetes_rg/providers/Microsoft.Network/virtualNetworks/kubernetesnet-worker02/subnets/terraformsubnet-worker02",
            "name": "terraformsubnet-worker02",
            "resource_group_name": "kubernetes_rg",
            "service_endpoint_policy_ids": [],
            "service_endpoints": [],
            "timeouts": null,
            "virtual_network_name": "kubernetesnet-worker02"
          },
          "sensitive_attributes": [],
          "private": "eyJlMmJmYjczMC1lY2FhLTExZTYtOGY4OC0zNDM2M2JjN2M0YzAiOnsiY3JlYXRlIjoxODAwMDAwMDAwMDAwLCJkZWxldGUiOjE4MDAwMDAwMDAwMDAsInJlYWQiOjMwMDAwMDAwMDAwMCwidXBkYXRlIjoxODAwMDAwMDAwMDAwfX0=",
          "dependencies": [
            "azurerm_resource_group.rg",
            "azurerm_virtual_network.myNet"
          ]
        },
        {
          "index_key": 3,
          "schema_version": 0,
          "attributes": {
            "address_prefix": "10.0.4.0/24",
            "address_prefixes": [
              "10.0.4.0/24"
            ],
            "delegation": [],
            "enforce_private_link_endpoint_network_policies": false,
            "enforce_private_link_service_network_policies": false,
            "id": "/subscriptions/77c88c55-f1f1-487b-91fd-8d3122bf6a57/resourceGroups/kubernetes_rg/providers/Microsoft.Network/virtualNetworks/kubernetesnet-nfs/subnets/terraformsubnet-nfs",
            "name": "terraformsubnet-nfs",
            "resource_group_name": "kubernetes_rg",
            "service_endpoint_policy_ids": [],
            "service_endpoints": [],
            "timeouts": null,
            "virtual_network_name": "kubernetesnet-nfs"
          },
          "sensitive_attributes": [],
          "private": "eyJlMmJmYjczMC1lY2FhLTExZTYtOGY4OC0zNDM2M2JjN2M0YzAiOnsiY3JlYXRlIjoxODAwMDAwMDAwMDAwLCJkZWxldGUiOjE4MDAwMDAwMDAwMDAsInJlYWQiOjMwMDAwMDAwMDAwMCwidXBkYXRlIjoxODAwMDAwMDAwMDAwfX0=",
          "dependencies": [
            "azurerm_resource_group.rg",
            "azurerm_virtual_network.myNet"
          ]
        }
      ]
    },
    {
      "mode": "managed",
      "type": "azurerm_virtual_network",
      "name": "myNet",
      "provider": "provider[\"registry.terraform.io/hashicorp/azurerm\"]",
      "instances": [
        {
          "index_key": 0,
          "schema_version": 0,
          "attributes": {
            "address_space": [
              "10.0.0.0/16"
            ],
            "bgp_community": "",
            "ddos_protection_plan": [],
            "dns_servers": [],
            "guid": "f3867c31-bfcc-484a-88ee-3ba064a6e283",
            "id": "/subscriptions/77c88c55-f1f1-487b-91fd-8d3122bf6a57/resourceGroups/kubernetes_rg/providers/Microsoft.Network/virtualNetworks/kubernetesnet-master",
            "location": "westeurope",
            "name": "kubernetesnet-master",
            "resource_group_name": "kubernetes_rg",
            "subnet": [
              {
                "address_prefix": "10.0.1.0/24",
                "id": "/subscriptions/77c88c55-f1f1-487b-91fd-8d3122bf6a57/resourceGroups/kubernetes_rg/providers/Microsoft.Network/virtualNetworks/kubernetesnet-master/subnets/terraformsubnet-master",
                "name": "terraformsubnet-master",
                "security_group": ""
              }
            ],
            "tags": {
              "environment": "CP2"
            },
            "timeouts": null,
            "vm_protection_enabled": false
          },
          "sensitive_attributes": [],
          "private": "eyJlMmJmYjczMC1lY2FhLTExZTYtOGY4OC0zNDM2M2JjN2M0YzAiOnsiY3JlYXRlIjoxODAwMDAwMDAwMDAwLCJkZWxldGUiOjE4MDAwMDAwMDAwMDAsInJlYWQiOjMwMDAwMDAwMDAwMCwidXBkYXRlIjoxODAwMDAwMDAwMDAwfX0=",
          "dependencies": [
            "azurerm_resource_group.rg"
          ]
        },
        {
          "index_key": 1,
          "schema_version": 0,
          "attributes": {
            "address_space": [
              "10.0.0.0/16"
            ],
            "bgp_community": "",
            "ddos_protection_plan": [],
            "dns_servers": [],
            "guid": "2aa18bf1-775c-4464-97bd-d1763b0be0a2",
            "id": "/subscriptions/77c88c55-f1f1-487b-91fd-8d3122bf6a57/resourceGroups/kubernetes_rg/providers/Microsoft.Network/virtualNetworks/kubernetesnet-worker01",
            "location": "westeurope",
            "name": "kubernetesnet-worker01",
            "resource_group_name": "kubernetes_rg",
            "subnet": [
              {
                "address_prefix": "10.0.2.0/24",
                "id": "/subscriptions/77c88c55-f1f1-487b-91fd-8d3122bf6a57/resourceGroups/kubernetes_rg/providers/Microsoft.Network/virtualNetworks/kubernetesnet-worker01/subnets/terraformsubnet-worker01",
                "name": "terraformsubnet-worker01",
                "security_group": ""
              }
            ],
            "tags": {
              "environment": "CP2"
            },
            "timeouts": null,
            "vm_protection_enabled": false
          },
          "sensitive_attributes": [],
          "private": "eyJlMmJmYjczMC1lY2FhLTExZTYtOGY4OC0zNDM2M2JjN2M0YzAiOnsiY3JlYXRlIjoxODAwMDAwMDAwMDAwLCJkZWxldGUiOjE4MDAwMDAwMDAwMDAsInJlYWQiOjMwMDAwMDAwMDAwMCwidXBkYXRlIjoxODAwMDAwMDAwMDAwfX0=",
          "dependencies": [
            "azurerm_resource_group.rg"
          ]
        },
        {
          "index_key": 2,
          "schema_version": 0,
          "attributes": {
            "address_space": [
              "10.0.0.0/16"
            ],
            "bgp_community": "",
            "ddos_protection_plan": [],
            "dns_servers": [],
            "guid": "02acab58-51ca-422d-b140-9280ec021371",
            "id": "/subscriptions/77c88c55-f1f1-487b-91fd-8d3122bf6a57/resourceGroups/kubernetes_rg/providers/Microsoft.Network/virtualNetworks/kubernetesnet-worker02",
            "location": "westeurope",
            "name": "kubernetesnet-worker02",
            "resource_group_name": "kubernetes_rg",
            "subnet": [
              {
                "address_prefix": "10.0.3.0/24",
                "id": "/subscriptions/77c88c55-f1f1-487b-91fd-8d3122bf6a57/resourceGroups/kubernetes_rg/providers/Microsoft.Network/virtualNetworks/kubernetesnet-worker02/subnets/terraformsubnet-worker02",
                "name": "terraformsubnet-worker02",
                "security_group": ""
              }
            ],
            "tags": {
              "environment": "CP2"
            },
            "timeouts": null,
            "vm_protection_enabled": false
          },
          "sensitive_attributes": [],
          "private": "eyJlMmJmYjczMC1lY2FhLTExZTYtOGY4OC0zNDM2M2JjN2M0YzAiOnsiY3JlYXRlIjoxODAwMDAwMDAwMDAwLCJkZWxldGUiOjE4MDAwMDAwMDAwMDAsInJlYWQiOjMwMDAwMDAwMDAwMCwidXBkYXRlIjoxODAwMDAwMDAwMDAwfX0=",
          "dependencies": [
            "azurerm_resource_group.rg"
          ]
        },
        {
          "index_key": 3,
          "schema_version": 0,
          "attributes": {
            "address_space": [
              "10.0.0.0/16"
            ],
            "bgp_community": "",
            "ddos_protection_plan": [],
            "dns_servers": [],
            "guid": "e4daae9e-ce25-4256-b950-f1284305cdc8",
            "id": "/subscriptions/77c88c55-f1f1-487b-91fd-8d3122bf6a57/resourceGroups/kubernetes_rg/providers/Microsoft.Network/virtualNetworks/kubernetesnet-nfs",
            "location": "westeurope",
            "name": "kubernetesnet-nfs",
            "resource_group_name": "kubernetes_rg",
            "subnet": [
              {
                "address_prefix": "10.0.4.0/24",
                "id": "/subscriptions/77c88c55-f1f1-487b-91fd-8d3122bf6a57/resourceGroups/kubernetes_rg/providers/Microsoft.Network/virtualNetworks/kubernetesnet-nfs/subnets/terraformsubnet-nfs",
                "name": "terraformsubnet-nfs",
                "security_group": ""
              }
            ],
            "tags": {
              "environment": "CP2"
            },
            "timeouts": null,
            "vm_protection_enabled": false
          },
          "sensitive_attributes": [],
          "private": "eyJlMmJmYjczMC1lY2FhLTExZTYtOGY4OC0zNDM2M2JjN2M0YzAiOnsiY3JlYXRlIjoxODAwMDAwMDAwMDAwLCJkZWxldGUiOjE4MDAwMDAwMDAwMDAsInJlYWQiOjMwMDAwMDAwMDAwMCwidXBkYXRlIjoxODAwMDAwMDAwMDAwfX0=",
          "dependencies": [
            "azurerm_resource_group.rg"
          ]
        }
      ]
    }
  ]
}
